<?xml version="1.0" encoding="utf-8"?>
<Project ToolsVersion="4.0" xmlns="http://schemas.microsoft.com/developer/msbuild/2003">
  <ItemGroup>
    <Filter Include="Resource Files">
      <UniqueIdentifier>{67DA6AB6-F800-4c08-8B7A-83BB121AAD01}</UniqueIdentifier>
      <Extensions>rc;ico;cur;bmp;dlg;rc2;rct;bin;rgs;gif;jpg;jpeg;jpe;resx;tiff;tif;png;wav;mfcribbon-ms</Extensions>
    </Filter>
    <Filter Include="Minigin">
      <UniqueIdentifier>{93995380-89BD-4b04-88EB-625FBE52EBFB}</UniqueIdentifier>
      <Extensions>h;hh;hpp;hxx;hm;inl;inc;xsd</Extensions>
    </Filter>
    <Filter Include="Objects">
      <UniqueIdentifier>{e3eb5a0f-404d-4484-be7a-b81db71945d8}</UniqueIdentifier>
    </Filter>
    <Filter Include="Objects\Components">
      <UniqueIdentifier>{667c7a7e-aa1b-46c3-b519-81d9866fd6f8}</UniqueIdentifier>
    </Filter>
    <Filter Include="Utility">
      <UniqueIdentifier>{4FC737F1-C7A5-4376-A066-2A32D752A2FF}</UniqueIdentifier>
      <Extensions>cpp;c;cc;cxx;def;odl;idl;hpj;bat;asm;asmx</Extensions>
    </Filter>
  </ItemGroup>
  <ItemGroup>
    <ClInclude Include="RenderComponent.h">
      <Filter>Objects\Components</Filter>
    </ClInclude>
    <ClInclude Include="FPSComponent.h">
      <Filter>Objects\Components</Filter>
    </ClInclude>
    <ClInclude Include="CollisionComponent.h">
      <Filter>Objects\Components</Filter>
    </ClInclude>
    <ClInclude Include="BaseComponent.h">
      <Filter>Objects\Components</Filter>
    </ClInclude>
    <ClInclude Include="TextComponent.h">
      <Filter>Objects\Components</Filter>
    </ClInclude>
    <ClInclude Include="Minigin.h">
      <Filter>Minigin</Filter>
    </ClInclude>
    <ClInclude Include="MiniginPCH.h">
      <Filter>Minigin</Filter>
    </ClInclude>
    <ClInclude Include="Renderer.h">
      <Filter>Minigin</Filter>
    </ClInclude>
    <ClInclude Include="ResourceManager.h">
      <Filter>Minigin</Filter>
    </ClInclude>
    <ClInclude Include="Font.h">
      <Filter>Utility</Filter>
    </ClInclude>
    <ClInclude Include="Texture2D.h">
      <Filter>Utility</Filter>
    </ClInclude>
    <ClInclude Include="Transform.h">
      <Filter>Utility</Filter>
    </ClInclude>
    <ClInclude Include="GameObject.h">
      <Filter>Objects</Filter>
    </ClInclude>
    <ClInclude Include="Singleton.h">
      <Filter>Utility</Filter>
    </ClInclude>
    <ClInclude Include="SceneObject.h">
      <Filter>Objects</Filter>
    </ClInclude>
    <ClInclude Include="Scene.h">
      <Filter>Minigin</Filter>
    </ClInclude>
    <ClInclude Include="InputManager.h">
      <Filter>Minigin</Filter>
    </ClInclude>
    <ClInclude Include="SceneManager.h">
      <Filter>Objects</Filter>
    </ClInclude>
  </ItemGroup>
  <ItemGroup>
    <ClCompile Include="Texture2D.cpp">
      <Filter>Utility</Filter>
    </ClCompile>
    <ClCompile Include="Transform.cpp">
      <Filter>Utility</Filter>
    </ClCompile>
    <ClCompile Include="Font.cpp">
      <Filter>Utility</Filter>
    </ClCompile>
    <ClCompile Include="CollisionComponent.cpp">
      <Filter>Objects\Components</Filter>
    </ClCompile>
    <ClCompile Include="FPSComponent.cpp">
      <Filter>Objects\Components</Filter>
    </ClCompile>
    <ClCompile Include="RenderComponent.cpp">
      <Filter>Objects\Components</Filter>
    </ClCompile>
    <ClCompile Include="TextComponent.cpp">
      <Filter>Objects\Components</Filter>
    </ClCompile>
    <ClCompile Include="Minigin.cpp">
      <Filter>Minigin</Filter>
    </ClCompile>
    <ClCompile Include="Main.cpp">
      <Filter>Minigin</Filter>
    </ClCompile>
    <ClCompile Include="MiniginPCH.cpp">
      <Filter>Minigin</Filter>
    </ClCompile>
    <ClCompile Include="Renderer.cpp">
      <Filter>Minigin</Filter>
    </ClCompile>
    <ClCompile Include="ResourceManager.cpp">
      <Filter>Minigin</Filter>
    </ClCompile>
    <ClCompile Include="SceneManager.cpp">
      <Filter>Minigin</Filter>
    </ClCompile>
    <ClCompile Include="GameObject.cpp">
      <Filter>Objects</Filter>
    </ClCompile>
    <ClCompile Include="Scene.cpp">
      <Filter>Minigin</Filter>
    </ClCompile>
    <ClCompile Include="InputManager.cpp">
      <Filter>Minigin</Filter>
    </ClCompile>
  </ItemGroup>
</Project>